// !$*UTF8*$!
{
	archiveVersion = 1;
	classes = {
	};
	objectVersion = 50;
	objects = {

/* Begin PBXBuildFile section */
		7E25C3FD225B9B9000FBB06B /* AppDelegate.swift in Sources */ = {isa = PBXBuildFile; fileRef = 7E25C3FC225B9B9000FBB06B /* AppDelegate.swift */; };
		7E25C404225B9B9000FBB06B /* Assets.xcassets in Resources */ = {isa = PBXBuildFile; fileRef = 7E25C403225B9B9000FBB06B /* Assets.xcassets */; };
		7E25C407225B9B9000FBB06B /* LaunchScreen.storyboard in Resources */ = {isa = PBXBuildFile; fileRef = 7E25C405225B9B9000FBB06B /* LaunchScreen.storyboard */; };
		7E25C40F225B9FBC00FBB06B /* FirstViewController.swift in Sources */ = {isa = PBXBuildFile; fileRef = 7E25C40E225B9FBC00FBB06B /* FirstViewController.swift */; };
		7E25C411225BA0C300FBB06B /* FirstViewController.storyboard in Resources */ = {isa = PBXBuildFile; fileRef = 7E25C410225BA0C300FBB06B /* FirstViewController.storyboard */; };
		7E25C413225BA10300FBB06B /* SecondViewController.storyboard in Resources */ = {isa = PBXBuildFile; fileRef = 7E25C412225BA10300FBB06B /* SecondViewController.storyboard */; };
		7E25C417225BA14900FBB06B /* SecondViewController.swift in Sources */ = {isa = PBXBuildFile; fileRef = 7E25C416225BA14900FBB06B /* SecondViewController.swift */; };
		7E25C419225BA16400FBB06B /* FirstViewModel.swift in Sources */ = {isa = PBXBuildFile; fileRef = 7E25C418225BA16400FBB06B /* FirstViewModel.swift */; };
		7E25C41B225BA16E00FBB06B /* SecondViewModel.swift in Sources */ = {isa = PBXBuildFile; fileRef = 7E25C41A225BA16E00FBB06B /* SecondViewModel.swift */; };
		7E25C41D225BA21500FBB06B /* FirstFlowCoordinator.swift in Sources */ = {isa = PBXBuildFile; fileRef = 7E25C41C225BA21500FBB06B /* FirstFlowCoordinator.swift */; };
		7E25C41F225BA22200FBB06B /* SecondFlowCoordinator.swift in Sources */ = {isa = PBXBuildFile; fileRef = 7E25C41E225BA22200FBB06B /* SecondFlowCoordinator.swift */; };
		7E25C423225BA4E200FBB06B /* AppCoordinator.swift in Sources */ = {isa = PBXBuildFile; fileRef = 7E25C422225BA4E200FBB06B /* AppCoordinator.swift */; };
		7E25C425225BA85700FBB06B /* StoryboardLoadable.swift in Sources */ = {isa = PBXBuildFile; fileRef = 7E25C424225BA85700FBB06B /* StoryboardLoadable.swift */; };
		7E25C427225BBA6700FBB06B /* RootViewController.swift in Sources */ = {isa = PBXBuildFile; fileRef = 7E25C426225BBA6700FBB06B /* RootViewController.swift */; };
		7E25C429225BE7ED00FBB06B /* ScreenTwoViewController.swift in Sources */ = {isa = PBXBuildFile; fileRef = 7E25C428225BE7ED00FBB06B /* ScreenTwoViewController.swift */; };
		7E25C42D225BE81200FBB06B /* ScreenTwoViewModel.swift in Sources */ = {isa = PBXBuildFile; fileRef = 7E25C42C225BE81200FBB06B /* ScreenTwoViewModel.swift */; };
		7E25C42F225BEB0B00FBB06B /* ScreenThreeViewModel.swift in Sources */ = {isa = PBXBuildFile; fileRef = 7E25C42E225BEB0B00FBB06B /* ScreenThreeViewModel.swift */; };
		7E25C431225BEB1700FBB06B /* ScreenThreeViewController.swift in Sources */ = {isa = PBXBuildFile; fileRef = 7E25C430225BEB1700FBB06B /* ScreenThreeViewController.swift */; };
/* End PBXBuildFile section */

/* Begin PBXFileReference section */
		7E25C3F9225B9B9000FBB06B /* Coordinator.app */ = {isa = PBXFileReference; explicitFileType = wrapper.application; includeInIndex = 0; path = Coordinator.app; sourceTree = BUILT_PRODUCTS_DIR; };
		7E25C3FC225B9B9000FBB06B /* AppDelegate.swift */ = {isa = PBXFileReference; lastKnownFileType = sourcecode.swift; path = AppDelegate.swift; sourceTree = "<group>"; };
		7E25C403225B9B9000FBB06B /* Assets.xcassets */ = {isa = PBXFileReference; lastKnownFileType = folder.assetcatalog; path = Assets.xcassets; sourceTree = "<group>"; };
		7E25C406225B9B9000FBB06B /* Base */ = {isa = PBXFileReference; lastKnownFileType = file.storyboard; name = Base; path = Base.lproj/LaunchScreen.storyboard; sourceTree = "<group>"; };
		7E25C408225B9B9000FBB06B /* Info.plist */ = {isa = PBXFileReference; lastKnownFileType = text.plist.xml; path = Info.plist; sourceTree = "<group>"; };
		7E25C40E225B9FBC00FBB06B /* FirstViewController.swift */ = {isa = PBXFileReference; lastKnownFileType = sourcecode.swift; path = FirstViewController.swift; sourceTree = "<group>"; };
		7E25C410225BA0C300FBB06B /* FirstViewController.storyboard */ = {isa = PBXFileReference; lastKnownFileType = file.storyboard; path = FirstViewController.storyboard; sourceTree = "<group>"; };
		7E25C412225BA10300FBB06B /* SecondViewController.storyboard */ = {isa = PBXFileReference; lastKnownFileType = file.storyboard; path = SecondViewController.storyboard; sourceTree = "<group>"; };
		7E25C416225BA14900FBB06B /* SecondViewController.swift */ = {isa = PBXFileReference; lastKnownFileType = sourcecode.swift; path = SecondViewController.swift; sourceTree = "<group>"; };
		7E25C418225BA16400FBB06B /* FirstViewModel.swift */ = {isa = PBXFileReference; lastKnownFileType = sourcecode.swift; path = FirstViewModel.swift; sourceTree = "<group>"; };
		7E25C41A225BA16E00FBB06B /* SecondViewModel.swift */ = {isa = PBXFileReference; lastKnownFileType = sourcecode.swift; path = SecondViewModel.swift; sourceTree = "<group>"; };
		7E25C41C225BA21500FBB06B /* FirstFlowCoordinator.swift */ = {isa = PBXFileReference; lastKnownFileType = sourcecode.swift; path = FirstFlowCoordinator.swift; sourceTree = "<group>"; };
		7E25C41E225BA22200FBB06B /* SecondFlowCoordinator.swift */ = {isa = PBXFileReference; lastKnownFileType = sourcecode.swift; path = SecondFlowCoordinator.swift; sourceTree = "<group>"; };
		7E25C422225BA4E200FBB06B /* AppCoordinator.swift */ = {isa = PBXFileReference; lastKnownFileType = sourcecode.swift; path = AppCoordinator.swift; sourceTree = "<group>"; };
		7E25C424225BA85700FBB06B /* StoryboardLoadable.swift */ = {isa = PBXFileReference; lastKnownFileType = sourcecode.swift; path = StoryboardLoadable.swift; sourceTree = "<group>"; };
		7E25C426225BBA6700FBB06B /* RootViewController.swift */ = {isa = PBXFileReference; lastKnownFileType = sourcecode.swift; path = RootViewController.swift; sourceTree = "<group>"; };
		7E25C428225BE7ED00FBB06B /* ScreenTwoViewController.swift */ = {isa = PBXFileReference; lastKnownFileType = sourcecode.swift; path = ScreenTwoViewController.swift; sourceTree = "<group>"; };
		7E25C42C225BE81200FBB06B /* ScreenTwoViewModel.swift */ = {isa = PBXFileReference; lastKnownFileType = sourcecode.swift; path = ScreenTwoViewModel.swift; sourceTree = "<group>"; };
		7E25C42E225BEB0B00FBB06B /* ScreenThreeViewModel.swift */ = {isa = PBXFileReference; lastKnownFileType = sourcecode.swift; path = ScreenThreeViewModel.swift; sourceTree = "<group>"; };
		7E25C430225BEB1700FBB06B /* ScreenThreeViewController.swift */ = {isa = PBXFileReference; lastKnownFileType = sourcecode.swift; path = ScreenThreeViewController.swift; sourceTree = "<group>"; };
/* End PBXFileReference section */

/* Begin PBXFrameworksBuildPhase section */
		7E25C3F6225B9B9000FBB06B /* Frameworks */ = {
			isa = PBXFrameworksBuildPhase;
			buildActionMask = 2147483647;
			files = (
			);
			runOnlyForDeploymentPostprocessing = 0;
		};
/* End PBXFrameworksBuildPhase section */

/* Begin PBXGroup section */
		7E25C3F0225B9B9000FBB06B = {
			isa = PBXGroup;
			children = (
				7E25C3FB225B9B9000FBB06B /* Coordinator */,
				7E25C3FA225B9B9000FBB06B /* Products */,
			);
			sourceTree = "<group>";
		};
		7E25C3FA225B9B9000FBB06B /* Products */ = {
			isa = PBXGroup;
			children = (
				7E25C3F9225B9B9000FBB06B /* Coordinator.app */,
			);
			name = Products;
			sourceTree = "<group>";
		};
		7E25C3FB225B9B9000FBB06B /* Coordinator */ = {
			isa = PBXGroup;
			children = (
				7E25C3FC225B9B9000FBB06B /* AppDelegate.swift */,
				7E25C424225BA85700FBB06B /* StoryboardLoadable.swift */,
				7E25C422225BA4E200FBB06B /* AppCoordinator.swift */,
				7E25C414225BA11100FBB06B /* Scenes */,
				7E25C408225B9B9000FBB06B /* Info.plist */,
				7E25C415225BA11B00FBB06B /* Supporting */,
			);
			path = Coordinator;
			sourceTree = "<group>";
		};
		7E25C414225BA11100FBB06B /* Scenes */ = {
			isa = PBXGroup;
			children = (
				7E25C426225BBA6700FBB06B /* RootViewController.swift */,
				7E25C420225BA22900FBB06B /* First */,
				7E25C421225BA23000FBB06B /* Second */,
			);
			path = Scenes;
			sourceTree = "<group>";
		};
		7E25C415225BA11B00FBB06B /* Supporting */ = {
			isa = PBXGroup;
			children = (
				7E25C403225B9B9000FBB06B /* Assets.xcassets */,
				7E25C405225B9B9000FBB06B /* LaunchScreen.storyboard */,
			);
			path = Supporting;
			sourceTree = "<group>";
		};
		7E25C420225BA22900FBB06B /* First */ = {
			isa = PBXGroup;
			children = (
				7E25C41C225BA21500FBB06B /* FirstFlowCoordinator.swift */,
				7E25C42A225BE7F900FBB06B /* FirstFlow */,
				7E25C42B225BE80200FBB06B /* ScreenTwo */,
				7E25C432225BEB4800FBB06B /* ScreenThree */,
			);
			path = First;
			sourceTree = "<group>";
		};
		7E25C421225BA23000FBB06B /* Second */ = {
			isa = PBXGroup;
			children = (
				7E25C41E225BA22200FBB06B /* SecondFlowCoordinator.swift */,
				7E25C41A225BA16E00FBB06B /* SecondViewModel.swift */,
				7E25C416225BA14900FBB06B /* SecondViewController.swift */,
				7E25C412225BA10300FBB06B /* SecondViewController.storyboard */,
			);
			path = Second;
			sourceTree = "<group>";
		};
		7E25C42A225BE7F900FBB06B /* FirstFlow */ = {
			isa = PBXGroup;
			children = (
				7E25C418225BA16400FBB06B /* FirstViewModel.swift */,
				7E25C40E225B9FBC00FBB06B /* FirstViewController.swift */,
				7E25C410225BA0C300FBB06B /* FirstViewController.storyboard */,
			);
			path = FirstFlow;
			sourceTree = "<group>";
		};
		7E25C42B225BE80200FBB06B /* ScreenTwo */ = {
			isa = PBXGroup;
			children = (
				7E25C428225BE7ED00FBB06B /* ScreenTwoViewController.swift */,
				7E25C42C225BE81200FBB06B /* ScreenTwoViewModel.swift */,
			);
			path = ScreenTwo;
			sourceTree = "<group>";
		};
		7E25C432225BEB4800FBB06B /* ScreenThree */ = {
			isa = PBXGroup;
			children = (
				7E25C42E225BEB0B00FBB06B /* ScreenThreeViewModel.swift */,
				7E25C430225BEB1700FBB06B /* ScreenThreeViewController.swift */,
			);
			path = ScreenThree;
			sourceTree = "<group>";
		};
/* End PBXGroup section */

/* Begin PBXNativeTarget section */
		7E25C3F8225B9B9000FBB06B /* Coordinator */ = {
			isa = PBXNativeTarget;
			buildConfigurationList = 7E25C40B225B9B9000FBB06B /* Build configuration list for PBXNativeTarget "Coordinator" */;
			buildPhases = (
				7E25C3F5225B9B9000FBB06B /* Sources */,
				7E25C3F6225B9B9000FBB06B /* Frameworks */,
				7E25C3F7225B9B9000FBB06B /* Resources */,
			);
			buildRules = (
			);
			dependencies = (
			);
			name = Coordinator;
			productName = Coordinator;
			productReference = 7E25C3F9225B9B9000FBB06B /* Coordinator.app */;
			productType = "com.apple.product-type.application";
		};
/* End PBXNativeTarget section */

/* Begin PBXProject section */
		7E25C3F1225B9B9000FBB06B /* Project object */ = {
			isa = PBXProject;
			attributes = {
				LastSwiftUpdateCheck = 1010;
				LastUpgradeCheck = 1010;
				ORGANIZATIONNAME = "Zhao, Tyler";
				TargetAttributes = {
					7E25C3F8225B9B9000FBB06B = {
						CreatedOnToolsVersion = 10.1;
					};
				};
			};
			buildConfigurationList = 7E25C3F4225B9B9000FBB06B /* Build configuration list for PBXProject "Coordinator" */;
			compatibilityVersion = "Xcode 9.3";
			developmentRegion = en;
			hasScannedForEncodings = 0;
			knownRegions = (
				en,
				Base,
			);
			mainGroup = 7E25C3F0225B9B9000FBB06B;
			productRefGroup = 7E25C3FA225B9B9000FBB06B /* Products */;
			projectDirPath = "";
			projectRoot = "";
			targets = (
				7E25C3F8225B9B9000FBB06B /* Coordinator */,
			);
		};
/* End PBXProject section */

/* Begin PBXResourcesBuildPhase section */
		7E25C3F7225B9B9000FBB06B /* Resources */ = {
			isa = PBXResourcesBuildPhase;
			buildActionMask = 2147483647;
			files = (
				7E25C411225BA0C300FBB06B /* FirstViewController.storyboard in Resources */,
				7E25C413225BA10300FBB06B /* SecondViewController.storyboard in Resources */,
				7E25C407225B9B9000FBB06B /* LaunchScreen.storyboard in Resources */,
				7E25C404225B9B9000FBB06B /* Assets.xcassets in Resources */,
			);
			runOnlyForDeploymentPostprocessing = 0;
		};
/* End PBXResourcesBuildPhase section */

/* Begin PBXSourcesBuildPhase section */
		7E25C3F5225B9B9000FBB06B /* Sources */ = {
			isa = PBXSourcesBuildPhase;
			buildActionMask = 2147483647;
			files = (
				7E25C427225BBA6700FBB06B /* RootViewController.swift in Sources */,
				7E25C41F225BA22200FBB06B /* SecondFlowCoordinator.swift in Sources */,
				7E25C417225BA14900FBB06B /* SecondViewController.swift in Sources */,
				7E25C431225BEB1700FBB06B /* ScreenThreeViewController.swift in Sources */,
				7E25C3FD225B9B9000FBB06B /* AppDelegate.swift in Sources */,
				7E25C429225BE7ED00FBB06B /* ScreenTwoViewController.swift in Sources */,
				7E25C42F225BEB0B00FBB06B /* ScreenThreeViewModel.swift in Sources */,
				7E25C42D225BE81200FBB06B /* ScreenTwoViewModel.swift in Sources */,
				7E25C40F225B9FBC00FBB06B /* FirstViewController.swift in Sources */,
				7E25C425225BA85700FBB06B /* StoryboardLoadable.swift in Sources */,
				7E25C423225BA4E200FBB06B /* AppCoordinator.swift in Sources */,
				7E25C41D225BA21500FBB06B /* FirstFlowCoordinator.swift in Sources */,
				7E25C41B225BA16E00FBB06B /* SecondViewModel.swift in Sources */,
				7E25C419225BA16400FBB06B /* FirstViewModel.swift in Sources */,
			);
			runOnlyForDeploymentPostprocessing = 0;
		};
/* End PBXSourcesBuildPhase section */

/* Begin PBXVariantGroup section */
		7E25C405225B9B9000FBB06B /* LaunchScreen.storyboard */ = {
			isa = PBXVariantGroup;
			children = (
				7E25C406225B9B9000FBB06B /* Base */,
			);
			name = LaunchScreen.storyboard;
			sourceTree = "<group>";
		};
/* End PBXVariantGroup section */

/* Begin XCBuildConfiguration section */
		7E25C409225B9B9000FBB06B /* Debug */ = {
			isa = XCBuildConfiguration;
			buildSettings = {
				ALWAYS_SEARCH_USER_PATHS = NO;
				CLANG_ANALYZER_NONNULL = YES;
				CLANG_ANALYZER_NUMBER_OBJECT_CONVERSION = YES_AGGRESSIVE;
				CLANG_CXX_LANGUAGE_STANDARD = "gnu++14";
				CLANG_CXX_LIBRARY = "libc++";
				CLANG_ENABLE_MODULES = YES;
				CLANG_ENABLE_OBJC_ARC = YES;
				CLANG_ENABLE_OBJC_WEAK = YES;
				CLANG_WARN_BLOCK_CAPTURE_AUTORELEASING = YES;
				CLANG_WARN_BOOL_CONVERSION = YES;
				CLANG_WARN_COMMA = YES;
				CLANG_WARN_CONSTANT_CONVERSION = YES;
				CLANG_WARN_DEPRECATED_OBJC_IMPLEMENTATIONS = YES;
				CLANG_WARN_DIRECT_OBJC_ISA_USAGE = YES_ERROR;
				CLANG_WARN_DOCUMENTATION_COMMENTS = YES;
				CLANG_WARN_EMPTY_BODY = YES;
				CLANG_WARN_ENUM_CONVERSION = YES;
				CLANG_WARN_INFINITE_RECURSION = YES;
				CLANG_WARN_INT_CONVERSION = YES;
				CLANG_WARN_NON_LITERAL_NULL_CONVERSION = YES;
				CLANG_WARN_OBJC_IMPLICIT_RETAIN_SELF = YES;
				CLANG_WARN_OBJC_LITERAL_CONVERSION = YES;
				CLANG_WARN_OBJC_ROOT_CLASS = YES_ERROR;
				CLANG_WARN_RANGE_LOOP_ANALYSIS = YES;
				CLANG_WARN_STRICT_PROTOTYPES = YES;
				CLANG_WARN_SUSPICIOUS_MOVE = YES;
				CLANG_WARN_UNGUARDED_AVAILABILITY = YES_AGGRESSIVE;
				CLANG_WARN_UNREACHABLE_CODE = YES;
				CLANG_WARN__DUPLICATE_METHOD_MATCH = YES;
				CODE_SIGN_IDENTITY = "iPhone Developer";
				COPY_PHASE_STRIP = NO;
				DEBUG_INFORMATION_FORMAT = dwarf;
				ENABLE_STRICT_OBJC_MSGSEND = YES;
				ENABLE_TESTABILITY = YES;
				GCC_C_LANGUAGE_STANDARD = gnu11;
				GCC_DYNAMIC_NO_PIC = NO;
				GCC_NO_COMMON_BLOCKS = YES;
				GCC_OPTIMIZATION_LEVEL = 0;
				GCC_PREPROCESSOR_DEFINITIONS = (
					"DEBUG=1",
					"$(inherited)",
				);
				GCC_WARN_64_TO_32_BIT_CONVERSION = YES;
				GCC_WARN_ABOUT_RETURN_TYPE = YES_ERROR;
				GCC_WARN_UNDECLARED_SELECTOR = YES;
				GCC_WARN_UNINITIALIZED_AUTOS = YES_AGGRESSIVE;
				GCC_WARN_UNUSED_FUNCTION = YES;
				GCC_WARN_UNUSED_VARIABLE = YES;
				IPHONEOS_DEPLOYMENT_TARGET = 12.1;
				MTL_ENABLE_DEBUG_INFO = INCLUDE_SOURCE;
				MTL_FAST_MATH = YES;
				ONLY_ACTIVE_ARCH = YES;
				SDKROOT = iphoneos;
				SWIFT_ACTIVE_COMPILATION_CONDITIONS = DEBUG;
				SWIFT_OPTIMIZATION_LEVEL = "-Onone";
			};
			name = Debug;
		};
		7E25C40A225B9B9000FBB06B /* Release */ = {
			isa = XCBuildConfiguration;
			buildSettings = {
				ALWAYS_SEARCH_USER_PATHS = NO;
				CLANG_ANALYZER_NONNULL = YES;
				CLANG_ANALYZER_NUMBER_OBJECT_CONVERSION = YES_AGGRESSIVE;
				CLANG_CXX_LANGUAGE_STANDARD = "gnu++14";
				CLANG_CXX_LIBRARY = "libc++";
				CLANG_ENABLE_MODULES = YES;
				CLANG_ENABLE_OBJC_ARC = YES;
				CLANG_ENABLE_OBJC_WEAK = YES;
				CLANG_WARN_BLOCK_CAPTURE_AUTORELEASING = YES;
				CLANG_WARN_BOOL_CONVERSION = YES;
				CLANG_WARN_COMMA = YES;
				CLANG_WARN_CONSTANT_CONVERSION = YES;
				CLANG_WARN_DEPRECATED_OBJC_IMPLEMENTATIONS = YES;
				CLANG_WARN_DIRECT_OBJC_ISA_USAGE = YES_ERROR;
				CLANG_WARN_DOCUMENTATION_COMMENTS = YES;
				CLANG_WARN_EMPTY_BODY = YES;
				CLANG_WARN_ENUM_CONVERSION = YES;
				CLANG_WARN_INFINITE_RECURSION = YES;
				CLANG_WARN_INT_CONVERSION = YES;
				CLANG_WARN_NON_LITERAL_NULL_CONVERSION = YES;
				CLANG_WARN_OBJC_IMPLICIT_RETAIN_SELF = YES;
				CLANG_WARN_OBJC_LITERAL_CONVERSION = YES;
				CLANG_WARN_OBJC_ROOT_CLASS = YES_ERROR;
				CLANG_WARN_RANGE_LOOP_ANALYSIS = YES;
				CLANG_WARN_STRICT_PROTOTYPES = YES;
				CLANG_WARN_SUSPICIOUS_MOVE = YES;
				CLANG_WARN_UNGUARDED_AVAILABILITY = YES_AGGRESSIVE;
				CLANG_WARN_UNREACHABLE_CODE = YES;
				CLANG_WARN__DUPLICATE_METHOD_MATCH = YES;
				CODE_SIGN_IDENTITY = "iPhone Developer";
				COPY_PHASE_STRIP = NO;
				DEBUG_INFORMATION_FORMAT = "dwarf-with-dsym";
				ENABLE_NS_ASSERTIONS = NO;
				ENABLE_STRICT_OBJC_MSGSEND = YES;
				GCC_C_LANGUAGE_STANDARD = gnu11;
				GCC_NO_COMMON_BLOCKS = YES;
				GCC_WARN_64_TO_32_BIT_CONVERSION = YES;
				GCC_WARN_ABOUT_RETURN_TYPE = YES_ERROR;
				GCC_WARN_UNDECLARED_SELECTOR = YES;
				GCC_WARN_UNINITIALIZED_AUTOS = YES_AGGRESSIVE;
				GCC_WARN_UNUSED_FUNCTION = YES;
				GCC_WARN_UNUSED_VARIABLE = YES;
				IPHONEOS_DEPLOYMENT_TARGET = 12.1;
				MTL_ENABLE_DEBUG_INFO = NO;
				MTL_FAST_MATH = YES;
				SDKROOT = iphoneos;
				SWIFT_COMPILATION_MODE = wholemodule;
				SWIFT_OPTIMIZATION_LEVEL = "-O";
				VALIDATE_PRODUCT = YES;
			};
			name = Release;
		};
		7E25C40C225B9B9000FBB06B /* Debug */ = {
			isa = XCBuildConfiguration;
			buildSettings = {
				ASSETCATALOG_COMPILER_APPICON_NAME = AppIcon;
				CODE_SIGN_STYLE = Automatic;
				INFOPLIST_FILE = Coordinator/Info.plist;
				LD_RUNPATH_SEARCH_PATHS = (
					"$(inherited)",
					"@executable_path/Frameworks",
				);
				PRODUCT_BUNDLE_IDENTIFIER = none.Coordinator;
				PRODUCT_NAME = "$(TARGET_NAME)";
				SWIFT_VERSION = 4.2;
				TARGETED_DEVICE_FAMILY = "1,2";
			};
			name = Debug;
		};
		7E25C40D225B9B9000FBB06B /* Release */ = {
			isa = XCBuildConfiguration;
			buildSettings = {
				ASSETCATALOG_COMPILER_APPICON_NAME = AppIcon;
				CODE_SIGN_STYLE = Automatic;
				INFOPLIST_FILE = Coordinator/Info.plist;
				LD_RUNPATH_SEARCH_PATHS = (
					"$(inherited)",
					"@executable_path/Frameworks",
				);
				PRODUCT_BUNDLE_IDENTIFIER = none.Coordinator;
				PRODUCT_NAME = "$(TARGET_NAME)";
				SWIFT_VERSION = 4.2;
				TARGETED_DEVICE_FAMILY = "1,2";
			};
			name = Release;
		};
/* End XCBuildConfiguration section */

/* Begin XCConfigurationList section */
		7E25C3F4225B9B9000FBB06B /* Build configuration list for PBXProject "Coordinator" */ = {
			isa = XCConfigurationList;
			buildConfigurations = (
				7E25C409225B9B9000FBB06B /* Debug */,
				7E25C40A225B9B9000FBB06B /* Release */,
			);
			defaultConfigurationIsVisible = 0;
			defaultConfigurationName = Release;
		};
		7E25C40B225B9B9000FBB06B /* Build configuration list for PBXNativeTarget "Coordinator" */ = {
			isa = XCConfigurationList;
			buildConfigurations = (
				7E25C40C225B9B9000FBB06B /* Debug */,
				7E25C40D225B9B9000FBB06B /* Release */,
			);
			defaultConfigurationIsVisible = 0;
			defaultConfigurationName = Release;
		};
/* End XCConfigurationList section */
	};
	rootObject = 7E25C3F1225B9B9000FBB06B /* Project object */;
}
